
Microsoft Visual Studio Solution File, Format Version 12.00
# Visual Studio Version 17
VisualStudioVersion = 17.2.32630.192
MinimumVisualStudioVersion = 10.0.40219.1
Project("{FAE04EC0-301F-11D3-BF4B-00C04F79EFBC}") = "BestBuyDemo", "BestBuyDemo\BestBuyDemo.csproj", "{0E698695-4099-474E-8628-DF24E78B8087}"
EndProject
Global
	GlobalSection(SolutionConfigurationPlatforms) = preSolution
		Debug|Any CPU = Debug|Any CPU
		Release|Any CPU = Release|Any CPU
	EndGlobalSection
	GlobalSection(ProjectConfigurationPlatforms) = postSolution
		{0E698695-4099-474E-8628-DF24E78B8087}.Debug|Any CPU.ActiveCfg = Debug|Any CPU
		{0E698695-4099-474E-8628-DF24E78B8087}.Debug|Any CPU.Build.0 = Debug|Any CPU
		{0E698695-4099-474E-8628-DF24E78B8087}.Release|Any CPU.ActiveCfg = Release|Any CPU
		{0E698695-4099-474E-8628-DF24E78B8087}.Release|Any CPU.Build.0 = Release|Any CPU
	EndGlobalSection
	GlobalSection(SolutionProperties) = preSolution
		HideSolutionNode = FALSE
	EndGlobalSection
	GlobalSection(ExtensibilityGlobals) = postSolution
		SolutionGuid = {343CECF2-F238-427C-9C64-146D76C3D904}
	EndGlobalSection
EndGlobal
